
Microsoft Visual Studio Solution File, Format Version 12.00
# Visual Studio Version 17
VisualStudioVersion = 17.13.35919.96 d17.13
MinimumVisualStudioVersion = 10.0.40219.1
Project("{FAE04EC0-301F-11D3-BF4B-00C04F79EFBC}") = "Api", "Api\Api.csproj", "{8BC7CF9E-0790-46FB-9244-9019444F1660}"
EndProject
Project("{FAE04EC0-301F-11D3-BF4B-00C04F79EFBC}") = "Domain", "Domain\Domain.csproj", "{76017048-5013-4099-BC86-9A29BA9DDAE1}"
EndProject
Project("{FAE04EC0-301F-11D3-BF4B-00C04F79EFBC}") = "Application", "Application\Application.csproj", "{0A15D54D-90AA-405E-82FC-CA78FEC6ECB1}"
EndProject
Project("{FAE04EC0-301F-11D3-BF4B-00C04F79EFBC}") = "Infrastructure", "Infrastructure\Infrastructure.csproj", "{F88E10CE-55BD-4965-B8F0-714D40A52BF4}"
EndProject
Project("{FAE04EC0-301F-11D3-BF4B-00C04F79EFBC}") = "Tests", "Tests\Tests.csproj", "{495729E2-70A7-4C40-BBA1-C568C88D3505}"
EndProject
Global
	GlobalSection(SolutionConfigurationPlatforms) = preSolution
		Debug|Any CPU = Debug|Any CPU
		Release|Any CPU = Release|Any CPU
	EndGlobalSection
	GlobalSection(ProjectConfigurationPlatforms) = postSolution
		{8BC7CF9E-0790-46FB-9244-9019444F1660}.Debug|Any CPU.ActiveCfg = Debug|Any CPU
		{8BC7CF9E-0790-46FB-9244-9019444F1660}.Debug|Any CPU.Build.0 = Debug|Any CPU
		{8BC7CF9E-0790-46FB-9244-9019444F1660}.Release|Any CPU.ActiveCfg = Release|Any CPU
		{8BC7CF9E-0790-46FB-9244-9019444F1660}.Release|Any CPU.Build.0 = Release|Any CPU
		{76017048-5013-4099-BC86-9A29BA9DDAE1}.Debug|Any CPU.ActiveCfg = Debug|Any CPU
		{76017048-5013-4099-BC86-9A29BA9DDAE1}.Debug|Any CPU.Build.0 = Debug|Any CPU
		{76017048-5013-4099-BC86-9A29BA9DDAE1}.Release|Any CPU.ActiveCfg = Release|Any CPU
		{76017048-5013-4099-BC86-9A29BA9DDAE1}.Release|Any CPU.Build.0 = Release|Any CPU
		{0A15D54D-90AA-405E-82FC-CA78FEC6ECB1}.Debug|Any CPU.ActiveCfg = Debug|Any CPU
		{0A15D54D-90AA-405E-82FC-CA78FEC6ECB1}.Debug|Any CPU.Build.0 = Debug|Any CPU
		{0A15D54D-90AA-405E-82FC-CA78FEC6ECB1}.Release|Any CPU.ActiveCfg = Release|Any CPU
		{0A15D54D-90AA-405E-82FC-CA78FEC6ECB1}.Release|Any CPU.Build.0 = Release|Any CPU
		{F88E10CE-55BD-4965-B8F0-714D40A52BF4}.Debug|Any CPU.ActiveCfg = Debug|Any CPU
		{F88E10CE-55BD-4965-B8F0-714D40A52BF4}.Debug|Any CPU.Build.0 = Debug|Any CPU
		{F88E10CE-55BD-4965-B8F0-714D40A52BF4}.Release|Any CPU.ActiveCfg = Release|Any CPU
		{F88E10CE-55BD-4965-B8F0-714D40A52BF4}.Release|Any CPU.Build.0 = Release|Any CPU
		{495729E2-70A7-4C40-BBA1-C568C88D3505}.Debug|Any CPU.ActiveCfg = Debug|Any CPU
		{495729E2-70A7-4C40-BBA1-C568C88D3505}.Debug|Any CPU.Build.0 = Debug|Any CPU
		{495729E2-70A7-4C40-BBA1-C568C88D3505}.Release|Any CPU.ActiveCfg = Release|Any CPU
		{495729E2-70A7-4C40-BBA1-C568C88D3505}.Release|Any CPU.Build.0 = Release|Any CPU
	EndGlobalSection
	GlobalSection(SolutionProperties) = preSolution
		HideSolutionNode = FALSE
	EndGlobalSection
	GlobalSection(ExtensibilityGlobals) = postSolution
		SolutionGuid = {1C6DF6C7-B534-43FB-B7E7-A4D088DC5193}
	EndGlobalSection
EndGlobal
